github.com/go-chi/chi/v5 v5.2.1 h1:KOIHODQj58PmL80G2Eak4WdvUzjSJSm0vG72crDCqb8=
github.com/go-chi/chi/v5 v5.2.1/go.mod h1:L2yAIGWB3H+phAw1NxKwWM+7eUH/lU8pOMm5hHcoops=
github.com/mrmxf/clog v0.7.7 h1:t5qO0UiaykeXkPKPjLTRZMDFa0vPeej7ECgEzTYsaVs=
github.com/mrmxf/clog v0.7.7/go.mod h1:o9ycJVLbq7ZMc/xjvXXuViSWPN4TaekJ0tfmLEH6nao=
github.com/mrmxf/fohuw v0.4.0 h1:Spowk7kVZ3bpR4sQpmaXW2/0CZfLngM1Uad1ShV9bZo=
github.com/mrmxf/fohuw v0.4.0/go.mod h1:SHfqb/A0xAgKlaXO6q3N6aJ5aGVoT6aPng5POjdfew4=
github.com/mrmxf/fohuw v0.4.2 h1:P72xNSOW5bVotqUv/a2PXaHbyS8n3Pulepkm4hCqSVk=
github.com/mrmxf/fohuw v0.4.2/go.mod h1:SHfqb/A0xAgKlaXO6q3N6aJ5aGVoT6aPng5POjdfew4=
github.com/mrmxf/fohuw v0.4.3 h1:7Q1cgPc5+IX031wd2MjzX+29L+6fi36vAd0FZ90Cluw=
github.com/mrmxf/fohuw v0.4.3/go.mod h1:SHfqb/A0xAgKlaXO6q3N6aJ5aGVoT6aPng5POjdfew4=
github.com/mrmxf/fohuw v0.4.4 h1:3ib7tYQjMGspdkRLH5WG9nWqel5K0bCesR6HQQJtli0=
github.com/mrmxf/fohuw v0.4.4/go.mod h1:SHfqb/A0xAgKlaXO6q3N6aJ5aGVoT6aPng5POjdfew4=
github.com/samber/slog-chi v1.14.0 h1:5Jdi9QPrnn8r3sqPhSR+xRv8c7NgRf1UDdDhzrNt+iA=
github.com/samber/slog-chi v1.14.0/go.mod h1:W8FfgeySPYJPztBLA4Pc7J0vY7OrazTLGH3jmWqSiRY=
go.opentelemetry.io/otel v1.29.0 h1:PdomN/Al4q/lN6iBJEN3AwPvUiHPMlt93c8bqTG5Llw=
go.opentelemetry.io/otel v1.29.0/go.mod h1:N/WtXPs1CNCUEx+Agz5uouwCba+i+bJGFicT8SR4NP8=
go.opentelemetry.io/otel/trace v1.29.0 h1:J/8ZNK4XgR7a21DZUAsbF8pZ5Jcw1VhACmnYt39JTi4=
go.opentelemetry.io/otel/trace v1.29.0/go.mod h1:eHl3w0sp3paPkYstJOmAimxhiFXPg+MMTlEh3nsQgWQ=
